{
  "name": "duckademic",
  "lockfileVersion": 3,
  "requires": true,
  "packages": {
    "": {
      "dependencies": {
        "@tanstack/react-query": "^5.99.0",
        "@tanstack/react-query-devtools": "^5.99.0"
      }
    },
    "node_modules/@tanstack/query-core": {
      "version": "5.99.0",
      "resolved": "https://registry.npmjs.org/@tanstack/query-core/-/query-core-5.99.0.tgz",
      "integrity": "sha512-3Jv3WQG0BCcH7G+7lf/bP8QyBfJOXeY+T08Rin3GZ1bshvwlbPt7NrDHMEzGdKIOmOzvIQmxjk28YEQX60k7pQ==",
      "license": "MIT",
      "funding": {
        "type": "github",
        "url": "https://github.com/sponsors/tannerlinsley"
      }
    },
    "node_modules/@tanstack/query-devtools": {
      "version": "5.99.0",
      "resolved": "https://registry.npmjs.org/@tanstack/query-devtools/-/query-devtools-5.99.0.tgz",
      "integrity": "sha512-m4ufXaJ8FjWXw7xDtyzE/6fkZAyQFg9WrbMrUpt8ZecRJx58jiFOZ2lxZMphZdIpAnIeto/S8stbwLKLusyckQ==",
      "license": "MIT",
      "funding": {
        "type": "github",
        "url": "https://github.com/sponsors/tannerlinsley"
      }
    },
    "node_modules/@tanstack/react-query": {
      "version": "5.99.0",
      "resolved": "https://registry.npmjs.org/@tanstack/react-query/-/react-query-5.99.0.tgz",
      "integrity": "sha512-OY2bCqPemT1LlqJ8Y2CUau4KELnIhhG9Ol3ZndPbdnB095pRbPo1cHuXTndg8iIwtoHTgwZjyaDnQ0xD0mYwAw==",
      "license": "MIT",
      "dependencies": {
        "@tanstack/query-core": "5.99.0"
      },
      "funding": {
        "type": "github",
        "url": "https://github.com/sponsors/tannerlinsley"
      },
      "peerDependencies": {
        "react": "^18 || ^19"
      }
    },
    "node_modules/@tanstack/react-query-devtools": {
      "version": "5.99.0",
      "resolved": "https://registry.npmjs.org/@tanstack/react-query-devtools/-/react-query-devtools-5.99.0.tgz",
      "integrity": "sha512-CqqX7LCU9yOfCY/vBURSx2YSD83ryfX+QkfkaKionTfg1s2Hdm572Ro99gW3QPoJjzvsj1HM4pnN4nbDy3MXKA==",
      "license": "MIT",
      "dependencies": {
        "@tanstack/query-devtools": "5.99.0"
      },
      "funding": {
        "type": "github",
        "url": "https://github.com/sponsors/tannerlinsley"
      },
      "peerDependencies": {
        "@tanstack/react-query": "^5.99.0",
        "react": "^18 || ^19"
      }
    },
    "node_modules/react": {
      "version": "19.2.5",
      "resolved": "https://registry.npmjs.org/react/-/react-19.2.5.tgz",
      "integrity": "sha512-llUJLzz1zTUBrskt2pwZgLq59AemifIftw4aB7JxOqf1HY2FDaGDxgwpAPVzHU1kdWabH7FauP4i1oEeer2WCA==",
      "license": "MIT",
      "peer": true,
      "engines": {
        "node": ">=0.10.0"
      }
    }
  }
}
